
Microsoft Visual Studio Solution File, Format Version 12.00
# Visual Studio Version 17
VisualStudioVersion = 17.7.34018.315
MinimumVisualStudioVersion = 10.0.40219.1
Project("{FAE04EC0-301F-11D3-BF4B-00C04F79EFBC}") = "prac2", "prac2\prac2.csproj", "{CBDFDF80-A13E-447A-BA38-91E6C6963FB0}"
EndProject
Global
	GlobalSection(SolutionConfigurationPlatforms) = preSolution
		Debug|Any CPU = Debug|Any CPU
		Release|Any CPU = Release|Any CPU
	EndGlobalSection
	GlobalSection(ProjectConfigurationPlatforms) = postSolution
		{CBDFDF80-A13E-447A-BA38-91E6C6963FB0}.Debug|Any CPU.ActiveCfg = Debug|Any CPU
		{CBDFDF80-A13E-447A-BA38-91E6C6963FB0}.Debug|Any CPU.Build.0 = Debug|Any CPU
		{CBDFDF80-A13E-447A-BA38-91E6C6963FB0}.Release|Any CPU.ActiveCfg = Release|Any CPU
		{CBDFDF80-A13E-447A-BA38-91E6C6963FB0}.Release|Any CPU.Build.0 = Release|Any CPU
	EndGlobalSection
	GlobalSection(SolutionProperties) = preSolution
		HideSolutionNode = FALSE
	EndGlobalSection
	GlobalSection(ExtensibilityGlobals) = postSolution
		SolutionGuid = {7F0F1C81-A7E4-4C0B-9B59-4A09304467DD}
	EndGlobalSection
EndGlobal
